
Microsoft Visual Studio Solution File, Format Version 12.00
# Visual Studio Version 17
VisualStudioVersion = 17.9.34714.143
MinimumVisualStudioVersion = 10.0.40219.1
Project("{FAE04EC0-301F-11D3-BF4B-00C04F79EFBC}") = "Kalkulacka", "Kalkulacka.csproj", "{F8038163-645F-43E1-B559-FBDFB789A147}"
EndProject
Global
	GlobalSection(SolutionConfigurationPlatforms) = preSolution
		Debug|Any CPU = Debug|Any CPU
		Release|Any CPU = Release|Any CPU
	EndGlobalSection
	GlobalSection(ProjectConfigurationPlatforms) = postSolution
		{F8038163-645F-43E1-B559-FBDFB789A147}.Debug|Any CPU.ActiveCfg = Debug|Any CPU
		{F8038163-645F-43E1-B559-FBDFB789A147}.Debug|Any CPU.Build.0 = Debug|Any CPU
		{F8038163-645F-43E1-B559-FBDFB789A147}.Release|Any CPU.ActiveCfg = Release|Any CPU
		{F8038163-645F-43E1-B559-FBDFB789A147}.Release|Any CPU.Build.0 = Release|Any CPU
	EndGlobalSection
	GlobalSection(SolutionProperties) = preSolution
		HideSolutionNode = FALSE
	EndGlobalSection
	GlobalSection(ExtensibilityGlobals) = postSolution
		SolutionGuid = {9A8BCFBD-80AD-46E2-9A57-E074D547F24F}
	EndGlobalSection
EndGlobal
